
Microsoft Visual Studio Solution File, Format Version 12.00
# Visual Studio 2012
Project("{FAE04EC0-301F-11D3-BF4B-00C04F79EFBC}") = "SYTrading", "SYTrading\SYTrading.csproj", "{A3123AC1-D57B-4416-AD89-42285E76A5A7}"
EndProject
Global
	GlobalSection(SolutionConfigurationPlatforms) = preSolution
		Debug|Any CPU = Debug|Any CPU
		Release|Any CPU = Release|Any CPU
	EndGlobalSection
	GlobalSection(ProjectConfigurationPlatforms) = postSolution
		{A3123AC1-D57B-4416-AD89-42285E76A5A7}.Debug|Any CPU.ActiveCfg = Debug|Any CPU
		{A3123AC1-D57B-4416-AD89-42285E76A5A7}.Debug|Any CPU.Build.0 = Debug|Any CPU
		{A3123AC1-D57B-4416-AD89-42285E76A5A7}.Release|Any CPU.ActiveCfg = Release|Any CPU
		{A3123AC1-D57B-4416-AD89-42285E76A5A7}.Release|Any CPU.Build.0 = Release|Any CPU
	EndGlobalSection
	GlobalSection(SolutionProperties) = preSolution
		HideSolutionNode = FALSE
	EndGlobalSection
	GlobalSection(ExtensibilityGlobals) = postSolution
		VisualSVNWorkingCopyRoot = .
	EndGlobalSection
EndGlobal
